
Microsoft Visual Studio Solution File, Format Version 12.00
# Visual Studio Version 17
VisualStudioVersion = 17.14.36518.9
MinimumVisualStudioVersion = 10.0.40219.1
Project("{FAE04EC0-301F-11D3-BF4B-00C04F79EFBC}") = "MazeApp", "Maze\MazeApp.csproj", "{5394457A-7428-484F-B89C-FCF2C9523B5B}"
EndProject
Global
	GlobalSection(SolutionConfigurationPlatforms) = preSolution
		Debug|Any CPU = Debug|Any CPU
		Release|Any CPU = Release|Any CPU
	EndGlobalSection
	GlobalSection(ProjectConfigurationPlatforms) = postSolution
		{5394457A-7428-484F-B89C-FCF2C9523B5B}.Debug|Any CPU.ActiveCfg = Debug|Any CPU
		{5394457A-7428-484F-B89C-FCF2C9523B5B}.Debug|Any CPU.Build.0 = Debug|Any CPU
		{5394457A-7428-484F-B89C-FCF2C9523B5B}.Release|Any CPU.ActiveCfg = Release|Any CPU
		{5394457A-7428-484F-B89C-FCF2C9523B5B}.Release|Any CPU.Build.0 = Release|Any CPU
	EndGlobalSection
	GlobalSection(SolutionProperties) = preSolution
		HideSolutionNode = FALSE
	EndGlobalSection
	GlobalSection(ExtensibilityGlobals) = postSolution
		SolutionGuid = {2C0E8B7B-B00A-46DD-A76D-779509A8A1B2}
	EndGlobalSection
EndGlobal
