
Microsoft Visual Studio Solution File, Format Version 12.00
# Visual Studio Version 17
VisualStudioVersion = 17.14.36518.9 d17.14
MinimumVisualStudioVersion = 10.0.40219.1
Project("{FAE04EC0-301F-11D3-BF4B-00C04F79EFBC}") = "Fujtajbl", "Fujtajbl.csproj", "{0A8FA90C-3006-4D6E-B095-700D580E53CA}"
EndProject
Project("{FAE04EC0-301F-11D3-BF4B-00C04F79EFBC}") = "MazeApp", "..\Maze\Maze\MazeApp.csproj", "{5394457A-7428-484F-B89C-FCF2C9523B5B}"
EndProject
Global
	GlobalSection(SolutionConfigurationPlatforms) = preSolution
		Debug|Any CPU = Debug|Any CPU
		Release|Any CPU = Release|Any CPU
	EndGlobalSection
	GlobalSection(ProjectConfigurationPlatforms) = postSolution
		{0A8FA90C-3006-4D6E-B095-700D580E53CA}.Debug|Any CPU.ActiveCfg = Debug|Any CPU
		{0A8FA90C-3006-4D6E-B095-700D580E53CA}.Debug|Any CPU.Build.0 = Debug|Any CPU
		{0A8FA90C-3006-4D6E-B095-700D580E53CA}.Release|Any CPU.ActiveCfg = Release|Any CPU
		{0A8FA90C-3006-4D6E-B095-700D580E53CA}.Release|Any CPU.Build.0 = Release|Any CPU
		{5394457A-7428-484F-B89C-FCF2C9523B5B}.Debug|Any CPU.ActiveCfg = Debug|Any CPU
		{5394457A-7428-484F-B89C-FCF2C9523B5B}.Debug|Any CPU.Build.0 = Debug|Any CPU
		{5394457A-7428-484F-B89C-FCF2C9523B5B}.Release|Any CPU.ActiveCfg = Release|Any CPU
		{5394457A-7428-484F-B89C-FCF2C9523B5B}.Release|Any CPU.Build.0 = Release|Any CPU
	EndGlobalSection
	GlobalSection(SolutionProperties) = preSolution
		HideSolutionNode = FALSE
	EndGlobalSection
	GlobalSection(ExtensibilityGlobals) = postSolution
		SolutionGuid = {E32602D7-3700-4B3C-8D7F-BD7042E6FC6A}
	EndGlobalSection
EndGlobal
